
Microsoft Visual Studio Solution File, Format Version 12.00
# Visual Studio Version 16
VisualStudioVersion = 16.0.29920.165
MinimumVisualStudioVersion = 10.0.40219.1
Project("{FAE04EC0-301F-11D3-BF4B-00C04F79EFBC}") = "AKSDevOpsApp", "AKSDevOpsApp\AKSDevOpsApp.csproj", "{7FE55E0A-EB11-4351-A2DE-EEAC395D51B6}"
EndProject
Global
	GlobalSection(SolutionConfigurationPlatforms) = preSolution
		Debug|Any CPU = Debug|Any CPU
		Release|Any CPU = Release|Any CPU
	EndGlobalSection
	GlobalSection(ProjectConfigurationPlatforms) = postSolution
		{7FE55E0A-EB11-4351-A2DE-EEAC395D51B6}.Debug|Any CPU.ActiveCfg = Debug|Any CPU
		{7FE55E0A-EB11-4351-A2DE-EEAC395D51B6}.Debug|Any CPU.Build.0 = Debug|Any CPU
		{7FE55E0A-EB11-4351-A2DE-EEAC395D51B6}.Release|Any CPU.ActiveCfg = Release|Any CPU
		{7FE55E0A-EB11-4351-A2DE-EEAC395D51B6}.Release|Any CPU.Build.0 = Release|Any CPU
	EndGlobalSection
	GlobalSection(SolutionProperties) = preSolution
		HideSolutionNode = FALSE
	EndGlobalSection
	GlobalSection(ExtensibilityGlobals) = postSolution
		SolutionGuid = {866FBFA8-D07E-47E6-943F-20DD6E4E4ED1}
	EndGlobalSection
EndGlobal
